
Microsoft Visual Studio Solution File, Format Version 12.00
# Visual Studio 15
VisualStudioVersion = 15.0.26730.16
MinimumVisualStudioVersion = 10.0.40219.1
Project("{8BC9CEB8-8B4A-11D0-8D11-00A0C91BC942}") = "Asal", "Asal\Asal.vcxproj", "{69ECEE6F-3EFB-43E6-8A19-EEE1B9FFA7F0}"
EndProject
Global
	GlobalSection(SolutionConfigurationPlatforms) = preSolution
		Debug|x64 = Debug|x64
		Debug|x86 = Debug|x86
		Release|x64 = Release|x64
		Release|x86 = Release|x86
	EndGlobalSection
	GlobalSection(ProjectConfigurationPlatforms) = postSolution
		{69ECEE6F-3EFB-43E6-8A19-EEE1B9FFA7F0}.Debug|x64.ActiveCfg = Debug|x64
		{69ECEE6F-3EFB-43E6-8A19-EEE1B9FFA7F0}.Debug|x64.Build.0 = Debug|x64
		{69ECEE6F-3EFB-43E6-8A19-EEE1B9FFA7F0}.Debug|x86.ActiveCfg = Debug|Win32
		{69ECEE6F-3EFB-43E6-8A19-EEE1B9FFA7F0}.Debug|x86.Build.0 = Debug|Win32
		{69ECEE6F-3EFB-43E6-8A19-EEE1B9FFA7F0}.Release|x64.ActiveCfg = Release|x64
		{69ECEE6F-3EFB-43E6-8A19-EEE1B9FFA7F0}.Release|x64.Build.0 = Release|x64
		{69ECEE6F-3EFB-43E6-8A19-EEE1B9FFA7F0}.Release|x86.ActiveCfg = Release|Win32
		{69ECEE6F-3EFB-43E6-8A19-EEE1B9FFA7F0}.Release|x86.Build.0 = Release|Win32
	EndGlobalSection
	GlobalSection(SolutionProperties) = preSolution
		HideSolutionNode = FALSE
	EndGlobalSection
	GlobalSection(ExtensibilityGlobals) = postSolution
		SolutionGuid = {CA13FE44-553C-41CC-B6F7-D21E7EF1F017}
	EndGlobalSection
EndGlobal
